
Microsoft Visual Studio Solution File, Format Version 12.00
# Visual Studio 15
VisualStudioVersion = 15.0.26124.0
MinimumVisualStudioVersion = 15.0.26124.0
Project("{FAE04EC0-301F-11D3-BF4B-00C04F79EFBC}") = "R5T.Egaleo.Extensions.Construction", "R5T.Egaleo.Extensions.Construction\R5T.Egaleo.Extensions.Construction.csproj", "{00E79D45-DB9C-4A8F-8D41-D08ACB48F13F}"
EndProject
Project("{FAE04EC0-301F-11D3-BF4B-00C04F79EFBC}") = "R5T.Egaleo.Extensions", "R5T.Egaleo.Extensions\R5T.Egaleo.Extensions.csproj", "{A8891BD3-B34E-49EE-BD01-3B7B831002CA}"
EndProject
Project("{FAE04EC0-301F-11D3-BF4B-00C04F79EFBC}") = "R5T.Egaleo.Extensions.Testing", "R5T.Egaleo.Extensions.Testing\R5T.Egaleo.Extensions.Testing.csproj", "{3C6A28F9-A441-419C-95BC-D3C1EF7B0115}"
EndProject
Global
	GlobalSection(SolutionConfigurationPlatforms) = preSolution
		Debug|Any CPU = Debug|Any CPU
		Debug|x64 = Debug|x64
		Debug|x86 = Debug|x86
		Release|Any CPU = Release|Any CPU
		Release|x64 = Release|x64
		Release|x86 = Release|x86
	EndGlobalSection
	GlobalSection(SolutionProperties) = preSolution
		HideSolutionNode = FALSE
	EndGlobalSection
	GlobalSection(ProjectConfigurationPlatforms) = postSolution
		{00E79D45-DB9C-4A8F-8D41-D08ACB48F13F}.Debug|Any CPU.ActiveCfg = Debug|Any CPU
		{00E79D45-DB9C-4A8F-8D41-D08ACB48F13F}.Debug|Any CPU.Build.0 = Debug|Any CPU
		{00E79D45-DB9C-4A8F-8D41-D08ACB48F13F}.Debug|x64.ActiveCfg = Debug|Any CPU
		{00E79D45-DB9C-4A8F-8D41-D08ACB48F13F}.Debug|x64.Build.0 = Debug|Any CPU
		{00E79D45-DB9C-4A8F-8D41-D08ACB48F13F}.Debug|x86.ActiveCfg = Debug|Any CPU
		{00E79D45-DB9C-4A8F-8D41-D08ACB48F13F}.Debug|x86.Build.0 = Debug|Any CPU
		{00E79D45-DB9C-4A8F-8D41-D08ACB48F13F}.Release|Any CPU.ActiveCfg = Release|Any CPU
		{00E79D45-DB9C-4A8F-8D41-D08ACB48F13F}.Release|Any CPU.Build.0 = Release|Any CPU
		{00E79D45-DB9C-4A8F-8D41-D08ACB48F13F}.Release|x64.ActiveCfg = Release|Any CPU
		{00E79D45-DB9C-4A8F-8D41-D08ACB48F13F}.Release|x64.Build.0 = Release|Any CPU
		{00E79D45-DB9C-4A8F-8D41-D08ACB48F13F}.Release|x86.ActiveCfg = Release|Any CPU
		{00E79D45-DB9C-4A8F-8D41-D08ACB48F13F}.Release|x86.Build.0 = Release|Any CPU
		{A8891BD3-B34E-49EE-BD01-3B7B831002CA}.Debug|Any CPU.ActiveCfg = Debug|Any CPU
		{A8891BD3-B34E-49EE-BD01-3B7B831002CA}.Debug|Any CPU.Build.0 = Debug|Any CPU
		{A8891BD3-B34E-49EE-BD01-3B7B831002CA}.Debug|x64.ActiveCfg = Debug|Any CPU
		{A8891BD3-B34E-49EE-BD01-3B7B831002CA}.Debug|x64.Build.0 = Debug|Any CPU
		{A8891BD3-B34E-49EE-BD01-3B7B831002CA}.Debug|x86.ActiveCfg = Debug|Any CPU
		{A8891BD3-B34E-49EE-BD01-3B7B831002CA}.Debug|x86.Build.0 = Debug|Any CPU
		{A8891BD3-B34E-49EE-BD01-3B7B831002CA}.Release|Any CPU.ActiveCfg = Release|Any CPU
		{A8891BD3-B34E-49EE-BD01-3B7B831002CA}.Release|Any CPU.Build.0 = Release|Any CPU
		{A8891BD3-B34E-49EE-BD01-3B7B831002CA}.Release|x64.ActiveCfg = Release|Any CPU
		{A8891BD3-B34E-49EE-BD01-3B7B831002CA}.Release|x64.Build.0 = Release|Any CPU
		{A8891BD3-B34E-49EE-BD01-3B7B831002CA}.Release|x86.ActiveCfg = Release|Any CPU
		{A8891BD3-B34E-49EE-BD01-3B7B831002CA}.Release|x86.Build.0 = Release|Any CPU
		{3C6A28F9-A441-419C-95BC-D3C1EF7B0115}.Debug|Any CPU.ActiveCfg = Debug|Any CPU
		{3C6A28F9-A441-419C-95BC-D3C1EF7B0115}.Debug|Any CPU.Build.0 = Debug|Any CPU
		{3C6A28F9-A441-419C-95BC-D3C1EF7B0115}.Debug|x64.ActiveCfg = Debug|Any CPU
		{3C6A28F9-A441-419C-95BC-D3C1EF7B0115}.Debug|x64.Build.0 = Debug|Any CPU
		{3C6A28F9-A441-419C-95BC-D3C1EF7B0115}.Debug|x86.ActiveCfg = Debug|Any CPU
		{3C6A28F9-A441-419C-95BC-D3C1EF7B0115}.Debug|x86.Build.0 = Debug|Any CPU
		{3C6A28F9-A441-419C-95BC-D3C1EF7B0115}.Release|Any CPU.ActiveCfg = Release|Any CPU
		{3C6A28F9-A441-419C-95BC-D3C1EF7B0115}.Release|Any CPU.Build.0 = Release|Any CPU
		{3C6A28F9-A441-419C-95BC-D3C1EF7B0115}.Release|x64.ActiveCfg = Release|Any CPU
		{3C6A28F9-A441-419C-95BC-D3C1EF7B0115}.Release|x64.Build.0 = Release|Any CPU
		{3C6A28F9-A441-419C-95BC-D3C1EF7B0115}.Release|x86.ActiveCfg = Release|Any CPU
		{3C6A28F9-A441-419C-95BC-D3C1EF7B0115}.Release|x86.Build.0 = Release|Any CPU
	EndGlobalSection
EndGlobal
